// !$*UTF8*$!
{
	archiveVersion = 1;
	classes = {
	};
	objectVersion = 55;
	objects = {

/* Begin PBXBuildFile section */
		C22563EC281EC62E000C78A6 /* MyFirstIOSApp.swift in Sources */ = {isa = PBXBuildFile; fileRef = C22563EB281EC62E000C78A6 /* MyFirstIOSApp.swift */; };
		C22563EE281EC62E000C78A6 /* ContentView.swift in Sources */ = {isa = PBXBuildFile; fileRef = C22563ED281EC62E000C78A6 /* ContentView.swift */; };
		C22563F0281EC631000C78A6 /* Assets.xcassets in Resources */ = {isa = PBXBuildFile; fileRef = C22563EF281EC631000C78A6 /* Assets.xcassets */; };
		C22563F3281EC631000C78A6 /* Preview Assets.xcassets in Resources */ = {isa = PBXBuildFile; fileRef = C22563F2281EC631000C78A6 /* Preview Assets.xcassets */; };
		C22563FD281EC631000C78A6 /* MyFirstIOSTests.swift in Sources */ = {isa = PBXBuildFile; fileRef = C22563FC281EC631000C78A6 /* MyFirstIOSTests.swift */; };
		C2256407281EC631000C78A6 /* MyFirstIOSUITests.swift in Sources */ = {isa = PBXBuildFile; fileRef = C2256406281EC631000C78A6 /* MyFirstIOSUITests.swift */; };
		C2256409281EC631000C78A6 /* MyFirstIOSUITestsLaunchTests.swift in Sources */ = {isa = PBXBuildFile; fileRef = C2256408281EC631000C78A6 /* MyFirstIOSUITestsLaunchTests.swift */; };
/* End PBXBuildFile section */

/* Begin PBXContainerItemProxy section */
		C22563F9281EC631000C78A6 /* PBXContainerItemProxy */ = {
			isa = PBXContainerItemProxy;
			containerPortal = C22563E0281EC62E000C78A6 /* Project object */;
			proxyType = 1;
			remoteGlobalIDString = C22563E7281EC62E000C78A6;
			remoteInfo = MyFirstIOS;
		};
		C2256403281EC631000C78A6 /* PBXContainerItemProxy */ = {
			isa = PBXContainerItemProxy;
			containerPortal = C22563E0281EC62E000C78A6 /* Project object */;
			proxyType = 1;
			remoteGlobalIDString = C22563E7281EC62E000C78A6;
			remoteInfo = MyFirstIOS;
		};
/* End PBXContainerItemProxy section */

/* Begin PBXFileReference section */
		C22563E8281EC62E000C78A6 /* MyFirstIOS.app */ = {isa = PBXFileReference; explicitFileType = wrapper.application; includeInIndex = 0; path = MyFirstIOS.app; sourceTree = BUILT_PRODUCTS_DIR; };
		C22563EB281EC62E000C78A6 /* MyFirstIOSApp.swift */ = {isa = PBXFileReference; lastKnownFileType = sourcecode.swift; path = MyFirstIOSApp.swift; sourceTree = "<group>"; };
		C22563ED281EC62E000C78A6 /* ContentView.swift */ = {isa = PBXFileReference; lastKnownFileType = sourcecode.swift; path = ContentView.swift; sourceTree = "<group>"; };
		C22563EF281EC631000C78A6 /* Assets.xcassets */ = {isa = PBXFileReference; lastKnownFileType = folder.assetcatalog; path = Assets.xcassets; sourceTree = "<group>"; };
		C22563F2281EC631000C78A6 /* Preview Assets.xcassets */ = {isa = PBXFileReference; lastKnownFileType = folder.assetcatalog; path = "Preview Assets.xcassets"; sourceTree = "<group>"; };
		C22563F8281EC631000C78A6 /* MyFirstIOSTests.xctest */ = {isa = PBXFileReference; explicitFileType = wrapper.cfbundle; includeInIndex = 0; path = MyFirstIOSTests.xctest; sourceTree = BUILT_PRODUCTS_DIR; };
		C22563FC281EC631000C78A6 /* MyFirstIOSTests.swift */ = {isa = PBXFileReference; lastKnownFileType = sourcecode.swift; path = MyFirstIOSTests.swift; sourceTree = "<group>"; };
		C2256402281EC631000C78A6 /* MyFirstIOSUITests.xctest */ = {isa = PBXFileReference; explicitFileType = wrapper.cfbundle; includeInIndex = 0; path = MyFirstIOSUITests.xctest; sourceTree = BUILT_PRODUCTS_DIR; };
		C2256406281EC631000C78A6 /* MyFirstIOSUITests.swift */ = {isa = PBXFileReference; lastKnownFileType = sourcecode.swift; path = MyFirstIOSUITests.swift; sourceTree = "<group>"; };
		C2256408281EC631000C78A6 /* MyFirstIOSUITestsLaunchTests.swift */ = {isa = PBXFileReference; lastKnownFileType = sourcecode.swift; path = MyFirstIOSUITestsLaunchTests.swift; sourceTree = "<group>"; };
/* End PBXFileReference section */

/* Begin PBXFrameworksBuildPhase section */
		C22563E5281EC62E000C78A6 /* Frameworks */ = {
			isa = PBXFrameworksBuildPhase;
			buildActionMask = 2147483647;
			files = (
			);
			runOnlyForDeploymentPostprocessing = 0;
		};
		C22563F5281EC631000C78A6 /* Frameworks */ = {
			isa = PBXFrameworksBuildPhase;
			buildActionMask = 2147483647;
			files = (
			);
			runOnlyForDeploymentPostprocessing = 0;
		};
		C22563FF281EC631000C78A6 /* Frameworks */ = {
			isa = PBXFrameworksBuildPhase;
			buildActionMask = 2147483647;
			files = (
			);
			runOnlyForDeploymentPostprocessing = 0;
		};
/* End PBXFrameworksBuildPhase section */

/* Begin PBXGroup section */
		C22563DF281EC62E000C78A6 = {
			isa = PBXGroup;
			children = (
				C22563EA281EC62E000C78A6 /* MyFirstIOS */,
				C22563FB281EC631000C78A6 /* MyFirstIOSTests */,
				C2256405281EC631000C78A6 /* MyFirstIOSUITests */,
				C22563E9281EC62E000C78A6 /* Products */,
			);
			sourceTree = "<group>";
		};
		C22563E9281EC62E000C78A6 /* Products */ = {
			isa = PBXGroup;
			children = (
				C22563E8281EC62E000C78A6 /* MyFirstIOS.app */,
				C22563F8281EC631000C78A6 /* MyFirstIOSTests.xctest */,
				C2256402281EC631000C78A6 /* MyFirstIOSUITests.xctest */,
			);
			name = Products;
			sourceTree = "<group>";
		};
		C22563EA281EC62E000C78A6 /* MyFirstIOS */ = {
			isa = PBXGroup;
			children = (
				C22563EB281EC62E000C78A6 /* MyFirstIOSApp.swift */,
				C22563ED281EC62E000C78A6 /* ContentView.swift */,
				C22563EF281EC631000C78A6 /* Assets.xcassets */,
				C22563F1281EC631000C78A6 /* Preview Content */,
			);
			path = MyFirstIOS;
			sourceTree = "<group>";
		};
		C22563F1281EC631000C78A6 /* Preview Content */ = {
			isa = PBXGroup;
			children = (
				C22563F2281EC631000C78A6 /* Preview Assets.xcassets */,
			);
			path = "Preview Content";
			sourceTree = "<group>";
		};
		C22563FB281EC631000C78A6 /* MyFirstIOSTests */ = {
			isa = PBXGroup;
			children = (
				C22563FC281EC631000C78A6 /* MyFirstIOSTests.swift */,
			);
			path = MyFirstIOSTests;
			sourceTree = "<group>";
		};
		C2256405281EC631000C78A6 /* MyFirstIOSUITests */ = {
			isa = PBXGroup;
			children = (
				C2256406281EC631000C78A6 /* MyFirstIOSUITests.swift */,
				C2256408281EC631000C78A6 /* MyFirstIOSUITestsLaunchTests.swift */,
			);
			path = MyFirstIOSUITests;
			sourceTree = "<group>";
		};
/* End PBXGroup section */

/* Begin PBXNativeTarget section */
		C22563E7281EC62E000C78A6 /* MyFirstIOS */ = {
			isa = PBXNativeTarget;
			buildConfigurationList = C225640C281EC631000C78A6 /* Build configuration list for PBXNativeTarget "MyFirstIOS" */;
			buildPhases = (
				C22563E4281EC62E000C78A6 /* Sources */,
				C22563E5281EC62E000C78A6 /* Frameworks */,
				C22563E6281EC62E000C78A6 /* Resources */,
			);
			buildRules = (
			);
			dependencies = (
			);
			name = MyFirstIOS;
			productName = MyFirstIOS;
			productReference = C22563E8281EC62E000C78A6 /* MyFirstIOS.app */;
			productType = "com.apple.product-type.application";
		};
		C22563F7281EC631000C78A6 /* MyFirstIOSTests */ = {
			isa = PBXNativeTarget;
			buildConfigurationList = C225640F281EC631000C78A6 /* Build configuration list for PBXNativeTarget "MyFirstIOSTests" */;
			buildPhases = (
				C22563F4281EC631000C78A6 /* Sources */,
				C22563F5281EC631000C78A6 /* Frameworks */,
				C22563F6281EC631000C78A6 /* Resources */,
			);
			buildRules = (
			);
			dependencies = (
				C22563FA281EC631000C78A6 /* PBXTargetDependency */,
			);
			name = MyFirstIOSTests;
			productName = MyFirstIOSTests;
			productReference = C22563F8281EC631000C78A6 /* MyFirstIOSTests.xctest */;
			productType = "com.apple.product-type.bundle.unit-test";
		};
		C2256401281EC631000C78A6 /* MyFirstIOSUITests */ = {
			isa = PBXNativeTarget;
			buildConfigurationList = C2256412281EC631000C78A6 /* Build configuration list for PBXNativeTarget "MyFirstIOSUITests" */;
			buildPhases = (
				C22563FE281EC631000C78A6 /* Sources */,
				C22563FF281EC631000C78A6 /* Frameworks */,
				C2256400281EC631000C78A6 /* Resources */,
			);
			buildRules = (
			);
			dependencies = (
				C2256404281EC631000C78A6 /* PBXTargetDependency */,
			);
			name = MyFirstIOSUITests;
			productName = MyFirstIOSUITests;
			productReference = C2256402281EC631000C78A6 /* MyFirstIOSUITests.xctest */;
			productType = "com.apple.product-type.bundle.ui-testing";
		};
/* End PBXNativeTarget section */

/* Begin PBXProject section */
		C22563E0281EC62E000C78A6 /* Project object */ = {
			isa = PBXProject;
			attributes = {
				BuildIndependentTargetsInParallel = 1;
				LastSwiftUpdateCheck = 1330;
				LastUpgradeCheck = 1330;
				TargetAttributes = {
					C22563E7281EC62E000C78A6 = {
						CreatedOnToolsVersion = 13.3.1;
					};
					C22563F7281EC631000C78A6 = {
						CreatedOnToolsVersion = 13.3.1;
						TestTargetID = C22563E7281EC62E000C78A6;
					};
					C2256401281EC631000C78A6 = {
						CreatedOnToolsVersion = 13.3.1;
						TestTargetID = C22563E7281EC62E000C78A6;
					};
				};
			};
			buildConfigurationList = C22563E3281EC62E000C78A6 /* Build configuration list for PBXProject "MyFirstIOS" */;
			compatibilityVersion = "Xcode 13.0";
			developmentRegion = en;
			hasScannedForEncodings = 0;
			knownRegions = (
				en,
				Base,
			);
			mainGroup = C22563DF281EC62E000C78A6;
			productRefGroup = C22563E9281EC62E000C78A6 /* Products */;
			projectDirPath = "";
			projectRoot = "";
			targets = (
				C22563E7281EC62E000C78A6 /* MyFirstIOS */,
				C22563F7281EC631000C78A6 /* MyFirstIOSTests */,
				C2256401281EC631000C78A6 /* MyFirstIOSUITests */,
			);
		};
/* End PBXProject section */

/* Begin PBXResourcesBuildPhase section */
		C22563E6281EC62E000C78A6 /* Resources */ = {
			isa = PBXResourcesBuildPhase;
			buildActionMask = 2147483647;
			files = (
				C22563F3281EC631000C78A6 /* Preview Assets.xcassets in Resources */,
				C22563F0281EC631000C78A6 /* Assets.xcassets in Resources */,
			);
			runOnlyForDeploymentPostprocessing = 0;
		};
		C22563F6281EC631000C78A6 /* Resources */ = {
			isa = PBXResourcesBuildPhase;
			buildActionMask = 2147483647;
			files = (
			);
			runOnlyForDeploymentPostprocessing = 0;
		};
		C2256400281EC631000C78A6 /* Resources */ = {
			isa = PBXResourcesBuildPhase;
			buildActionMask = 2147483647;
			files = (
			);
			runOnlyForDeploymentPostprocessing = 0;
		};
/* End PBXResourcesBuildPhase section */

/* Begin PBXSourcesBuildPhase section */
		C22563E4281EC62E000C78A6 /* Sources */ = {
			isa = PBXSourcesBuildPhase;
			buildActionMask = 2147483647;
			files = (
				C22563EE281EC62E000C78A6 /* ContentView.swift in Sources */,
				C22563EC281EC62E000C78A6 /* MyFirstIOSApp.swift in Sources */,
			);
			runOnlyForDeploymentPostprocessing = 0;
		};
		C22563F4281EC631000C78A6 /* Sources */ = {
			isa = PBXSourcesBuildPhase;
			buildActionMask = 2147483647;
			files = (
				C22563FD281EC631000C78A6 /* MyFirstIOSTests.swift in Sources */,
			);
			runOnlyForDeploymentPostprocessing = 0;
		};
		C22563FE281EC631000C78A6 /* Sources */ = {
			isa = PBXSourcesBuildPhase;
			buildActionMask = 2147483647;
			files = (
				C2256407281EC631000C78A6 /* MyFirstIOSUITests.swift in Sources */,
				C2256409281EC631000C78A6 /* MyFirstIOSUITestsLaunchTests.swift in Sources */,
			);
			runOnlyForDeploymentPostprocessing = 0;
		};
/* End PBXSourcesBuildPhase section */

/* Begin PBXTargetDependency section */
		C22563FA281EC631000C78A6 /* PBXTargetDependency */ = {
			isa = PBXTargetDependency;
			target = C22563E7281EC62E000C78A6 /* MyFirstIOS */;
			targetProxy = C22563F9281EC631000C78A6 /* PBXContainerItemProxy */;
		};
		C2256404281EC631000C78A6 /* PBXTargetDependency */ = {
			isa = PBXTargetDependency;
			target = C22563E7281EC62E000C78A6 /* MyFirstIOS */;
			targetProxy = C2256403281EC631000C78A6 /* PBXContainerItemProxy */;
		};
/* End PBXTargetDependency section */

/* Begin XCBuildConfiguration section */
		C225640A281EC631000C78A6 /* Debug */ = {
			isa = XCBuildConfiguration;
			buildSettings = {
				ALWAYS_SEARCH_USER_PATHS = NO;
				CLANG_ANALYZER_NONNULL = YES;
				CLANG_ANALYZER_NUMBER_OBJECT_CONVERSION = YES_AGGRESSIVE;
				CLANG_CXX_LANGUAGE_STANDARD = "gnu++17";
				CLANG_ENABLE_MODULES = YES;
				CLANG_ENABLE_OBJC_ARC = YES;
				CLANG_ENABLE_OBJC_WEAK = YES;
				CLANG_WARN_BLOCK_CAPTURE_AUTORELEASING = YES;
				CLANG_WARN_BOOL_CONVERSION = YES;
				CLANG_WARN_COMMA = YES;
				CLANG_WARN_CONSTANT_CONVERSION = YES;
				CLANG_WARN_DEPRECATED_OBJC_IMPLEMENTATIONS = YES;
				CLANG_WARN_DIRECT_OBJC_ISA_USAGE = YES_ERROR;
				CLANG_WARN_DOCUMENTATION_COMMENTS = YES;
				CLANG_WARN_EMPTY_BODY = YES;
				CLANG_WARN_ENUM_CONVERSION = YES;
				CLANG_WARN_INFINITE_RECURSION = YES;
				CLANG_WARN_INT_CONVERSION = YES;
				CLANG_WARN_NON_LITERAL_NULL_CONVERSION = YES;
				CLANG_WARN_OBJC_IMPLICIT_RETAIN_SELF = YES;
				CLANG_WARN_OBJC_LITERAL_CONVERSION = YES;
				CLANG_WARN_OBJC_ROOT_CLASS = YES_ERROR;
				CLANG_WARN_QUOTED_INCLUDE_IN_FRAMEWORK_HEADER = YES;
				CLANG_WARN_RANGE_LOOP_ANALYSIS = YES;
				CLANG_WARN_STRICT_PROTOTYPES = YES;
				CLANG_WARN_SUSPICIOUS_MOVE = YES;
				CLANG_WARN_UNGUARDED_AVAILABILITY = YES_AGGRESSIVE;
				CLANG_WARN_UNREACHABLE_CODE = YES;
				CLANG_WARN__DUPLICATE_METHOD_MATCH = YES;
				COPY_PHASE_STRIP = NO;
				DEBUG_INFORMATION_FORMAT = dwarf;
				ENABLE_STRICT_OBJC_MSGSEND = YES;
				ENABLE_TESTABILITY = YES;
				GCC_C_LANGUAGE_STANDARD = gnu11;
				GCC_DYNAMIC_NO_PIC = NO;
				GCC_NO_COMMON_BLOCKS = YES;
				GCC_OPTIMIZATION_LEVEL = 0;
				GCC_PREPROCESSOR_DEFINITIONS = (
					"DEBUG=1",
					"$(inherited)",
				);
				GCC_WARN_64_TO_32_BIT_CONVERSION = YES;
				GCC_WARN_ABOUT_RETURN_TYPE = YES_ERROR;
				GCC_WARN_UNDECLARED_SELECTOR = YES;
				GCC_WARN_UNINITIALIZED_AUTOS = YES_AGGRESSIVE;
				GCC_WARN_UNUSED_FUNCTION = YES;
				GCC_WARN_UNUSED_VARIABLE = YES;
				IPHONEOS_DEPLOYMENT_TARGET = 15.4;
				MTL_ENABLE_DEBUG_INFO = INCLUDE_SOURCE;
				MTL_FAST_MATH = YES;
				ONLY_ACTIVE_ARCH = YES;
				SDKROOT = iphoneos;
				SWIFT_ACTIVE_COMPILATION_CONDITIONS = DEBUG;
				SWIFT_OPTIMIZATION_LEVEL = "-Onone";
			};
			name = Debug;
		};
		C225640B281EC631000C78A6 /* Release */ = {
			isa = XCBuildConfiguration;
			buildSettings = {
				ALWAYS_SEARCH_USER_PATHS = NO;
				CLANG_ANALYZER_NONNULL = YES;
				CLANG_ANALYZER_NUMBER_OBJECT_CONVERSION = YES_AGGRESSIVE;
				CLANG_CXX_LANGUAGE_STANDARD = "gnu++17";
				CLANG_ENABLE_MODULES = YES;
				CLANG_ENABLE_OBJC_ARC = YES;
				CLANG_ENABLE_OBJC_WEAK = YES;
				CLANG_WARN_BLOCK_CAPTURE_AUTORELEASING = YES;
				CLANG_WARN_BOOL_CONVERSION = YES;
				CLANG_WARN_COMMA = YES;
				CLANG_WARN_CONSTANT_CONVERSION = YES;
				CLANG_WARN_DEPRECATED_OBJC_IMPLEMENTATIONS = YES;
				CLANG_WARN_DIRECT_OBJC_ISA_USAGE = YES_ERROR;
				CLANG_WARN_DOCUMENTATION_COMMENTS = YES;
				CLANG_WARN_EMPTY_BODY = YES;
				CLANG_WARN_ENUM_CONVERSION = YES;
				CLANG_WARN_INFINITE_RECURSION = YES;
				CLANG_WARN_INT_CONVERSION = YES;
				CLANG_WARN_NON_LITERAL_NULL_CONVERSION = YES;
				CLANG_WARN_OBJC_IMPLICIT_RETAIN_SELF = YES;
				CLANG_WARN_OBJC_LITERAL_CONVERSION = YES;
				CLANG_WARN_OBJC_ROOT_CLASS = YES_ERROR;
				CLANG_WARN_QUOTED_INCLUDE_IN_FRAMEWORK_HEADER = YES;
				CLANG_WARN_RANGE_LOOP_ANALYSIS = YES;
				CLANG_WARN_STRICT_PROTOTYPES = YES;
				CLANG_WARN_SUSPICIOUS_MOVE = YES;
				CLANG_WARN_UNGUARDED_AVAILABILITY = YES_AGGRESSIVE;
				CLANG_WARN_UNREACHABLE_CODE = YES;
				CLANG_WARN__DUPLICATE_METHOD_MATCH = YES;
				COPY_PHASE_STRIP = NO;
				DEBUG_INFORMATION_FORMAT = "dwarf-with-dsym";
				ENABLE_NS_ASSERTIONS = NO;
				ENABLE_STRICT_OBJC_MSGSEND = YES;
				GCC_C_LANGUAGE_STANDARD = gnu11;
				GCC_NO_COMMON_BLOCKS = YES;
				GCC_WARN_64_TO_32_BIT_CONVERSION = YES;
				GCC_WARN_ABOUT_RETURN_TYPE = YES_ERROR;
				GCC_WARN_UNDECLARED_SELECTOR = YES;
				GCC_WARN_UNINITIALIZED_AUTOS = YES_AGGRESSIVE;
				GCC_WARN_UNUSED_FUNCTION = YES;
				GCC_WARN_UNUSED_VARIABLE = YES;
				IPHONEOS_DEPLOYMENT_TARGET = 15.4;
				MTL_ENABLE_DEBUG_INFO = NO;
				MTL_FAST_MATH = YES;
				SDKROOT = iphoneos;
				SWIFT_COMPILATION_MODE = wholemodule;
				SWIFT_OPTIMIZATION_LEVEL = "-O";
				VALIDATE_PRODUCT = YES;
			};
			name = Release;
		};
		C225640D281EC631000C78A6 /* Debug */ = {
			isa = XCBuildConfiguration;
			buildSettings = {
				ASSETCATALOG_COMPILER_APPICON_NAME = AppIcon;
				ASSETCATALOG_COMPILER_GLOBAL_ACCENT_COLOR_NAME = AccentColor;
				CODE_SIGN_STYLE = Automatic;
				CURRENT_PROJECT_VERSION = 1;
				DEVELOPMENT_ASSET_PATHS = "\"MyFirstIOS/Preview Content\"";
				ENABLE_PREVIEWS = YES;
				GENERATE_INFOPLIST_FILE = YES;
				INFOPLIST_KEY_UIApplicationSceneManifest_Generation = YES;
				INFOPLIST_KEY_UIApplicationSupportsIndirectInputEvents = YES;
				INFOPLIST_KEY_UILaunchScreen_Generation = YES;
				INFOPLIST_KEY_UISupportedInterfaceOrientations_iPad = "UIInterfaceOrientationPortrait UIInterfaceOrientationPortraitUpsideDown UIInterfaceOrientationLandscapeLeft UIInterfaceOrientationLandscapeRight";
				INFOPLIST_KEY_UISupportedInterfaceOrientations_iPhone = "UIInterfaceOrientationPortrait UIInterfaceOrientationLandscapeLeft UIInterfaceOrientationLandscapeRight";
				LD_RUNPATH_SEARCH_PATHS = (
					"$(inherited)",
					"@executable_path/Frameworks",
				);
				MARKETING_VERSION = 1.0;
				PRODUCT_BUNDLE_IDENTIFIER = Devsom.MyFirstIOS;
				PRODUCT_NAME = "$(TARGET_NAME)";
				SWIFT_EMIT_LOC_STRINGS = YES;
				SWIFT_VERSION = 5.0;
				TARGETED_DEVICE_FAMILY = "1,2";
			};
			name = Debug;
		};
		C225640E281EC631000C78A6 /* Release */ = {
			isa = XCBuildConfiguration;
			buildSettings = {
				ASSETCATALOG_COMPILER_APPICON_NAME = AppIcon;
				ASSETCATALOG_COMPILER_GLOBAL_ACCENT_COLOR_NAME = AccentColor;
				CODE_SIGN_STYLE = Automatic;
				CURRENT_PROJECT_VERSION = 1;
				DEVELOPMENT_ASSET_PATHS = "\"MyFirstIOS/Preview Content\"";
				ENABLE_PREVIEWS = YES;
				GENERATE_INFOPLIST_FILE = YES;
				INFOPLIST_KEY_UIApplicationSceneManifest_Generation = YES;
				INFOPLIST_KEY_UIApplicationSupportsIndirectInputEvents = YES;
				INFOPLIST_KEY_UILaunchScreen_Generation = YES;
				INFOPLIST_KEY_UISupportedInterfaceOrientations_iPad = "UIInterfaceOrientationPortrait UIInterfaceOrientationPortraitUpsideDown UIInterfaceOrientationLandscapeLeft UIInterfaceOrientationLandscapeRight";
				INFOPLIST_KEY_UISupportedInterfaceOrientations_iPhone = "UIInterfaceOrientationPortrait UIInterfaceOrientationLandscapeLeft UIInterfaceOrientationLandscapeRight";
				LD_RUNPATH_SEARCH_PATHS = (
					"$(inherited)",
					"@executable_path/Frameworks",
				);
				MARKETING_VERSION = 1.0;
				PRODUCT_BUNDLE_IDENTIFIER = Devsom.MyFirstIOS;
				PRODUCT_NAME = "$(TARGET_NAME)";
				SWIFT_EMIT_LOC_STRINGS = YES;
				SWIFT_VERSION = 5.0;
				TARGETED_DEVICE_FAMILY = "1,2";
			};
			name = Release;
		};
		C2256410281EC631000C78A6 /* Debug */ = {
			isa = XCBuildConfiguration;
			buildSettings = {
				ALWAYS_EMBED_SWIFT_STANDARD_LIBRARIES = YES;
				BUNDLE_LOADER = "$(TEST_HOST)";
				CODE_SIGN_STYLE = Automatic;
				CURRENT_PROJECT_VERSION = 1;
				GENERATE_INFOPLIST_FILE = YES;
				IPHONEOS_DEPLOYMENT_TARGET = 15.4;
				MARKETING_VERSION = 1.0;
				PRODUCT_BUNDLE_IDENTIFIER = Devsom.MyFirstIOSTests;
				PRODUCT_NAME = "$(TARGET_NAME)";
				SWIFT_EMIT_LOC_STRINGS = NO;
				SWIFT_VERSION = 5.0;
				TARGETED_DEVICE_FAMILY = "1,2";
				TEST_HOST = "$(BUILT_PRODUCTS_DIR)/MyFirstIOS.app/MyFirstIOS";
			};
			name = Debug;
		};
		C2256411281EC631000C78A6 /* Release */ = {
			isa = XCBuildConfiguration;
			buildSettings = {
				ALWAYS_EMBED_SWIFT_STANDARD_LIBRARIES = YES;
				BUNDLE_LOADER = "$(TEST_HOST)";
				CODE_SIGN_STYLE = Automatic;
				CURRENT_PROJECT_VERSION = 1;
				GENERATE_INFOPLIST_FILE = YES;
				IPHONEOS_DEPLOYMENT_TARGET = 15.4;
				MARKETING_VERSION = 1.0;
				PRODUCT_BUNDLE_IDENTIFIER = Devsom.MyFirstIOSTests;
				PRODUCT_NAME = "$(TARGET_NAME)";
				SWIFT_EMIT_LOC_STRINGS = NO;
				SWIFT_VERSION = 5.0;
				TARGETED_DEVICE_FAMILY = "1,2";
				TEST_HOST = "$(BUILT_PRODUCTS_DIR)/MyFirstIOS.app/MyFirstIOS";
			};
			name = Release;
		};
		C2256413281EC631000C78A6 /* Debug */ = {
			isa = XCBuildConfiguration;
			buildSettings = {
				ALWAYS_EMBED_SWIFT_STANDARD_LIBRARIES = YES;
				CODE_SIGN_STYLE = Automatic;
				CURRENT_PROJECT_VERSION = 1;
				GENERATE_INFOPLIST_FILE = YES;
				MARKETING_VERSION = 1.0;
				PRODUCT_BUNDLE_IDENTIFIER = Devsom.MyFirstIOSUITests;
				PRODUCT_NAME = "$(TARGET_NAME)";
				SWIFT_EMIT_LOC_STRINGS = NO;
				SWIFT_VERSION = 5.0;
				TARGETED_DEVICE_FAMILY = "1,2";
				TEST_TARGET_NAME = MyFirstIOS;
			};
			name = Debug;
		};
		C2256414281EC631000C78A6 /* Release */ = {
			isa = XCBuildConfiguration;
			buildSettings = {
				ALWAYS_EMBED_SWIFT_STANDARD_LIBRARIES = YES;
				CODE_SIGN_STYLE = Automatic;
				CURRENT_PROJECT_VERSION = 1;
				GENERATE_INFOPLIST_FILE = YES;
				MARKETING_VERSION = 1.0;
				PRODUCT_BUNDLE_IDENTIFIER = Devsom.MyFirstIOSUITests;
				PRODUCT_NAME = "$(TARGET_NAME)";
				SWIFT_EMIT_LOC_STRINGS = NO;
				SWIFT_VERSION = 5.0;
				TARGETED_DEVICE_FAMILY = "1,2";
				TEST_TARGET_NAME = MyFirstIOS;
			};
			name = Release;
		};
/* End XCBuildConfiguration section */

/* Begin XCConfigurationList section */
		C22563E3281EC62E000C78A6 /* Build configuration list for PBXProject "MyFirstIOS" */ = {
			isa = XCConfigurationList;
			buildConfigurations = (
				C225640A281EC631000C78A6 /* Debug */,
				C225640B281EC631000C78A6 /* Release */,
			);
			defaultConfigurationIsVisible = 0;
			defaultConfigurationName = Release;
		};
		C225640C281EC631000C78A6 /* Build configuration list for PBXNativeTarget "MyFirstIOS" */ = {
			isa = XCConfigurationList;
			buildConfigurations = (
				C225640D281EC631000C78A6 /* Debug */,
				C225640E281EC631000C78A6 /* Release */,
			);
			defaultConfigurationIsVisible = 0;
			defaultConfigurationName = Release;
		};
		C225640F281EC631000C78A6 /* Build configuration list for PBXNativeTarget "MyFirstIOSTests" */ = {
			isa = XCConfigurationList;
			buildConfigurations = (
				C2256410281EC631000C78A6 /* Debug */,
				C2256411281EC631000C78A6 /* Release */,
			);
			defaultConfigurationIsVisible = 0;
			defaultConfigurationName = Release;
		};
		C2256412281EC631000C78A6 /* Build configuration list for PBXNativeTarget "MyFirstIOSUITests" */ = {
			isa = XCConfigurationList;
			buildConfigurations = (
				C2256413281EC631000C78A6 /* Debug */,
				C2256414281EC631000C78A6 /* Release */,
			);
			defaultConfigurationIsVisible = 0;
			defaultConfigurationName = Release;
		};
/* End XCConfigurationList section */
	};
	rootObject = C22563E0281EC62E000C78A6 /* Project object */;
}
